
Microsoft Visual Studio Solution File, Format Version 12.00
# Visual Studio Version 17
VisualStudioVersion = 17.12.35527.113
MinimumVisualStudioVersion = 10.0.40219.1
Project("{8BC9CEB8-8B4A-11D0-8D11-00A0C91BC942}") = "DataProvider", "DataProvider\DataProvider.vcxproj", "{76707B89-798B-4827-AF2D-501270CA1425}"
EndProject
Project("{8BC9CEB8-8B4A-11D0-8D11-00A0C91BC942}") = "Windowing", "Windowing\Windowing.vcxproj", "{8C9AC218-EAC0-4575-82DC-FE0E083C7E06}"
EndProject
Project("{8BC9CEB8-8B4A-11D0-8D11-00A0C91BC942}") = "UserAgent", "UserAgent\UserAgent.vcxproj", "{680C8772-1ED2-489E-A799-10DCC880490B}"
EndProject
Project("{8BC9CEB8-8B4A-11D0-8D11-00A0C91BC942}") = "Markdown", "Markdown\Markdown.vcxproj", "{AA91DB7D-B85F-453C-8370-DB6C2DE2EB97}"
EndProject
Project("{8BC9CEB8-8B4A-11D0-8D11-00A0C91BC942}") = "Core", "Core\Core.vcxproj", "{BFE40B48-4EC8-4A1D-B882-5D9A94A06E7F}"
EndProject
Global
	GlobalSection(SolutionConfigurationPlatforms) = preSolution
		Debug|x64 = Debug|x64
		Debug|x86 = Debug|x86
		Release|x64 = Release|x64
		Release|x86 = Release|x86
	EndGlobalSection
	GlobalSection(ProjectConfigurationPlatforms) = postSolution
		{76707B89-798B-4827-AF2D-501270CA1425}.Debug|x64.ActiveCfg = Debug|x64
		{76707B89-798B-4827-AF2D-501270CA1425}.Debug|x64.Build.0 = Debug|x64
		{76707B89-798B-4827-AF2D-501270CA1425}.Debug|x86.ActiveCfg = Debug|Win32
		{76707B89-798B-4827-AF2D-501270CA1425}.Debug|x86.Build.0 = Debug|Win32
		{76707B89-798B-4827-AF2D-501270CA1425}.Release|x64.ActiveCfg = Release|x64
		{76707B89-798B-4827-AF2D-501270CA1425}.Release|x64.Build.0 = Release|x64
		{76707B89-798B-4827-AF2D-501270CA1425}.Release|x86.ActiveCfg = Release|Win32
		{76707B89-798B-4827-AF2D-501270CA1425}.Release|x86.Build.0 = Release|Win32
		{8C9AC218-EAC0-4575-82DC-FE0E083C7E06}.Debug|x64.ActiveCfg = Debug|x64
		{8C9AC218-EAC0-4575-82DC-FE0E083C7E06}.Debug|x64.Build.0 = Debug|x64
		{8C9AC218-EAC0-4575-82DC-FE0E083C7E06}.Debug|x86.ActiveCfg = Debug|Win32
		{8C9AC218-EAC0-4575-82DC-FE0E083C7E06}.Debug|x86.Build.0 = Debug|Win32
		{8C9AC218-EAC0-4575-82DC-FE0E083C7E06}.Release|x64.ActiveCfg = Release|x64
		{8C9AC218-EAC0-4575-82DC-FE0E083C7E06}.Release|x64.Build.0 = Release|x64
		{8C9AC218-EAC0-4575-82DC-FE0E083C7E06}.Release|x86.ActiveCfg = Release|Win32
		{8C9AC218-EAC0-4575-82DC-FE0E083C7E06}.Release|x86.Build.0 = Release|Win32
		{680C8772-1ED2-489E-A799-10DCC880490B}.Debug|x64.ActiveCfg = Debug|x64
		{680C8772-1ED2-489E-A799-10DCC880490B}.Debug|x64.Build.0 = Debug|x64
		{680C8772-1ED2-489E-A799-10DCC880490B}.Debug|x86.ActiveCfg = Debug|Win32
		{680C8772-1ED2-489E-A799-10DCC880490B}.Debug|x86.Build.0 = Debug|Win32
		{680C8772-1ED2-489E-A799-10DCC880490B}.Release|x64.ActiveCfg = Release|x64
		{680C8772-1ED2-489E-A799-10DCC880490B}.Release|x64.Build.0 = Release|x64
		{680C8772-1ED2-489E-A799-10DCC880490B}.Release|x86.ActiveCfg = Release|Win32
		{680C8772-1ED2-489E-A799-10DCC880490B}.Release|x86.Build.0 = Release|Win32
		{AA91DB7D-B85F-453C-8370-DB6C2DE2EB97}.Debug|x64.ActiveCfg = Debug|x64
		{AA91DB7D-B85F-453C-8370-DB6C2DE2EB97}.Debug|x64.Build.0 = Debug|x64
		{AA91DB7D-B85F-453C-8370-DB6C2DE2EB97}.Debug|x86.ActiveCfg = Debug|Win32
		{AA91DB7D-B85F-453C-8370-DB6C2DE2EB97}.Debug|x86.Build.0 = Debug|Win32
		{AA91DB7D-B85F-453C-8370-DB6C2DE2EB97}.Release|x64.ActiveCfg = Release|x64
		{AA91DB7D-B85F-453C-8370-DB6C2DE2EB97}.Release|x64.Build.0 = Release|x64
		{AA91DB7D-B85F-453C-8370-DB6C2DE2EB97}.Release|x86.ActiveCfg = Release|Win32
		{AA91DB7D-B85F-453C-8370-DB6C2DE2EB97}.Release|x86.Build.0 = Release|Win32
		{BFE40B48-4EC8-4A1D-B882-5D9A94A06E7F}.Debug|x64.ActiveCfg = Debug|x64
		{BFE40B48-4EC8-4A1D-B882-5D9A94A06E7F}.Debug|x64.Build.0 = Debug|x64
		{BFE40B48-4EC8-4A1D-B882-5D9A94A06E7F}.Debug|x86.ActiveCfg = Debug|Win32
		{BFE40B48-4EC8-4A1D-B882-5D9A94A06E7F}.Debug|x86.Build.0 = Debug|Win32
		{BFE40B48-4EC8-4A1D-B882-5D9A94A06E7F}.Release|x64.ActiveCfg = Release|x64
		{BFE40B48-4EC8-4A1D-B882-5D9A94A06E7F}.Release|x64.Build.0 = Release|x64
		{BFE40B48-4EC8-4A1D-B882-5D9A94A06E7F}.Release|x86.ActiveCfg = Release|Win32
		{BFE40B48-4EC8-4A1D-B882-5D9A94A06E7F}.Release|x86.Build.0 = Release|Win32
	EndGlobalSection
	GlobalSection(SolutionProperties) = preSolution
		HideSolutionNode = FALSE
	EndGlobalSection
	GlobalSection(ExtensibilityGlobals) = postSolution
		SolutionGuid = {DDFBB1F0-BF94-49BE-A51D-B1A9E581D574}
	EndGlobalSection
EndGlobal
